# Generated by buf. DO NOT EDIT.
version: v2
deps:
  - name: buf.build/bufbuild/protovalidate
    commit: 6c6e0d3c608e4549802254a2eee81bc8
    digest: b5:a7ca081f38656fc0f5aaa685cc111d3342876723851b47ca6b80cbb810cbb2380f8c444115c495ada58fa1f85eff44e68dc54a445761c195acdb5e8d9af675b6
  - name: buf.build/go-sphere/binding
    commit: e43e094e6da84c1ba39e96161c88d50d
    digest: b5:bd45db2b730f0ef06d7022ddfb7e3271898cfc179af9e59f5814e91ef8b956d8f5cf1d1bd4b2827688dad6376bff515a9a2b860e780fb4b39037b8654185f378
  - name: buf.build/go-sphere/errors
    commit: b6390f1a47f2492db6a511cea4207cd2
    digest: b5:3be9804eb8fa88c05dda15eb7b1939261c718233241a9ef03f39cf3757857482917a6c854f592830e67e7a8875b183b7623b2dc508f2cd57a8596a8de28be435
  - name: buf.build/googleapis/googleapis
    commit: 61b203b9a9164be9a834f58c37be6f62
    digest: b5:7811a98b35bd2e4ae5c3ac73c8b3d9ae429f3a790da15de188dc98fc2b77d6bb10e45711f14903af9553fa9821dff256054f2e4b7795789265bc476bec2f088c
