# Generated by buf. DO NOT EDIT.
version: v2
deps:
  - name: buf.build/bufbuild/protovalidate
    commit: 52f32327d4b045a79293a6ad4e7e1236
    digest: b5:cbabc98d4b7b7b0447c9b15f68eeb8a7a44ef8516cb386ac5f66e7fd4062cd6723ed3f452ad8c384b851f79e33d26e7f8a94e2b807282b3def1cd966c7eace97
  - name: buf.build/go-sphere/binding
    commit: d06ba2b4a8014c7cbfc99b54d543744b
    digest: b5:0aff972e0e5e2e8f9d27793db7fe866a91827e633dc557d3aa30eae15595f889ad7afa33f81ba494a3a9fe020518ee21cf2079a315cac4e4a58cac98760dbaa7
  - name: buf.build/go-sphere/errors
    commit: b6390f1a47f2492db6a511cea4207cd2
    digest: b5:3be9804eb8fa88c05dda15eb7b1939261c718233241a9ef03f39cf3757857482917a6c854f592830e67e7a8875b183b7623b2dc508f2cd57a8596a8de28be435
  - name: buf.build/googleapis/googleapis
    commit: 72c8614f3bd0466ea67931ef2c43d608
    digest: b5:13efeea24e633fd45327390bdee941207a8727e96cf01affb84c1e4100fd8f48a42bbd508df11930cd2884629bafad685df1ac3111bc78cdaefcd38c9371c6b1
