# Generated by buf. DO NOT EDIT.
version: v2
deps:
  - name: buf.build/bufbuild/protovalidate
    commit: 2a1774d888024a9b93ce7eb4b59f6a83
    digest: b5:6b7f9bc919b65e5b79d7b726ffc03d6f815a412d6b792970fa6f065cae162107bd0a9d47272c8ab1a2c9514e87b13d3fbf71df614374d62d2183afb64be2d30a
  - name: buf.build/go-sphere/binding
    commit: 3aaca267961747409ab0fefc18eee7de
    digest: b5:38e78e0329c9aa8b91fb3065bb2afa906a656458207d594235918d77b5b26b55837fd4d1290ee63481986ccaf0c4282a8da9afdfb5b92927176929dcbce7e619
  - name: buf.build/go-sphere/errors
    commit: b6390f1a47f2492db6a511cea4207cd2
    digest: b5:3be9804eb8fa88c05dda15eb7b1939261c718233241a9ef03f39cf3757857482917a6c854f592830e67e7a8875b183b7623b2dc508f2cd57a8596a8de28be435
  - name: buf.build/googleapis/googleapis
    commit: 004180b77378443887d3b55cabc00384
    digest: b5:e8f475fe3330f31f5fd86ac689093bcd274e19611a09db91f41d637cb9197881ce89882b94d13a58738e53c91c6e4bae7dc1feba85f590164c975a89e25115dc
